
Microsoft Visual Studio Solution File, Format Version 12.00
# Visual Studio 14
VisualStudioVersion = 14.0.23107.0
MinimumVisualStudioVersion = 10.0.40219.1
Project("{E24C65DC-7377-472B-9ABA-BC803B73C61A}") = "Sitio", "D:\Github\ProyectoWebCiisa2017\Sitio\", "{B625BDCB-9478-4D61-BB84-CDC84FCEDFA9}"
	ProjectSection(WebsiteProperties) = preProject
		TargetFrameworkMoniker = ".NETFramework,Version%3Dv4.5"
		ProjectReferences = "{9584b48a-6b8a-4838-8ccc-893319634dba}|Negocio.dll;{198183FE-B3A5-470C-9204-F69A088D8180}|Base.dll;{93D4E4E0-BCEE-47AA-AE2C-3A182E722BC4}|Transferencia.dll;{88F5E210-1897-435E-84FA-5BB649588E0D}|Util.dll;"
		Debug.AspNetCompiler.VirtualPath = "/localhost_57548"
		Debug.AspNetCompiler.PhysicalPath = "..\Sitio\"
		Debug.AspNetCompiler.TargetPath = "PrecompiledWeb\localhost_57548\"
		Debug.AspNetCompiler.Updateable = "true"
		Debug.AspNetCompiler.ForceOverwrite = "true"
		Debug.AspNetCompiler.FixedNames = "false"
		Debug.AspNetCompiler.Debug = "True"
		Release.AspNetCompiler.VirtualPath = "/localhost_57548"
		Release.AspNetCompiler.PhysicalPath = "..\Sitio\"
		Release.AspNetCompiler.TargetPath = "PrecompiledWeb\localhost_57548\"
		Release.AspNetCompiler.Updateable = "true"
		Release.AspNetCompiler.ForceOverwrite = "true"
		Release.AspNetCompiler.FixedNames = "false"
		Release.AspNetCompiler.Debug = "False"
		VWDPort = "57548"
		SlnRelativePath = "..\Sitio\"
		DefaultWebSiteLanguage = "Visual C#"
	EndProjectSection
EndProject
Project("{FAE04EC0-301F-11D3-BF4B-00C04F79EFBC}") = "Negocio", "..\Negocio\Negocio.csproj", "{9584B48A-6B8A-4838-8CCC-893319634DBA}"
EndProject
Project("{FAE04EC0-301F-11D3-BF4B-00C04F79EFBC}") = "Transferencia", "..\Transferencia\Transferencia.csproj", "{93D4E4E0-BCEE-47AA-AE2C-3A182E722BC4}"
EndProject
Project("{FAE04EC0-301F-11D3-BF4B-00C04F79EFBC}") = "Base", "..\Base\Base.csproj", "{198183FE-B3A5-470C-9204-F69A088D8180}"
EndProject
Project("{FAE04EC0-301F-11D3-BF4B-00C04F79EFBC}") = "Test", "..\Test\Test.csproj", "{DE4A41B9-324C-47E9-9236-03E34F89D1A4}"
EndProject
Project("{FAE04EC0-301F-11D3-BF4B-00C04F79EFBC}") = "Util", "..\Util\Util.csproj", "{88F5E210-1897-435E-84FA-5BB649588E0D}"
EndProject
Global
	GlobalSection(SolutionConfigurationPlatforms) = preSolution
		Debug|Any CPU = Debug|Any CPU
		Release|Any CPU = Release|Any CPU
	EndGlobalSection
	GlobalSection(ProjectConfigurationPlatforms) = postSolution
		{B625BDCB-9478-4D61-BB84-CDC84FCEDFA9}.Debug|Any CPU.ActiveCfg = Debug|Any CPU
		{B625BDCB-9478-4D61-BB84-CDC84FCEDFA9}.Debug|Any CPU.Build.0 = Debug|Any CPU
		{B625BDCB-9478-4D61-BB84-CDC84FCEDFA9}.Release|Any CPU.ActiveCfg = Debug|Any CPU
		{B625BDCB-9478-4D61-BB84-CDC84FCEDFA9}.Release|Any CPU.Build.0 = Debug|Any CPU
		{9584B48A-6B8A-4838-8CCC-893319634DBA}.Debug|Any CPU.ActiveCfg = Debug|Any CPU
		{9584B48A-6B8A-4838-8CCC-893319634DBA}.Debug|Any CPU.Build.0 = Debug|Any CPU
		{9584B48A-6B8A-4838-8CCC-893319634DBA}.Release|Any CPU.ActiveCfg = Release|Any CPU
		{9584B48A-6B8A-4838-8CCC-893319634DBA}.Release|Any CPU.Build.0 = Release|Any CPU
		{93D4E4E0-BCEE-47AA-AE2C-3A182E722BC4}.Debug|Any CPU.ActiveCfg = Debug|Any CPU
		{93D4E4E0-BCEE-47AA-AE2C-3A182E722BC4}.Debug|Any CPU.Build.0 = Debug|Any CPU
		{93D4E4E0-BCEE-47AA-AE2C-3A182E722BC4}.Release|Any CPU.ActiveCfg = Release|Any CPU
		{93D4E4E0-BCEE-47AA-AE2C-3A182E722BC4}.Release|Any CPU.Build.0 = Release|Any CPU
		{198183FE-B3A5-470C-9204-F69A088D8180}.Debug|Any CPU.ActiveCfg = Debug|Any CPU
		{198183FE-B3A5-470C-9204-F69A088D8180}.Debug|Any CPU.Build.0 = Debug|Any CPU
		{198183FE-B3A5-470C-9204-F69A088D8180}.Release|Any CPU.ActiveCfg = Release|Any CPU
		{198183FE-B3A5-470C-9204-F69A088D8180}.Release|Any CPU.Build.0 = Release|Any CPU
		{DE4A41B9-324C-47E9-9236-03E34F89D1A4}.Debug|Any CPU.ActiveCfg = Debug|Any CPU
		{DE4A41B9-324C-47E9-9236-03E34F89D1A4}.Debug|Any CPU.Build.0 = Debug|Any CPU
		{DE4A41B9-324C-47E9-9236-03E34F89D1A4}.Release|Any CPU.ActiveCfg = Release|Any CPU
		{DE4A41B9-324C-47E9-9236-03E34F89D1A4}.Release|Any CPU.Build.0 = Release|Any CPU
		{88F5E210-1897-435E-84FA-5BB649588E0D}.Debug|Any CPU.ActiveCfg = Debug|Any CPU
		{88F5E210-1897-435E-84FA-5BB649588E0D}.Debug|Any CPU.Build.0 = Debug|Any CPU
		{88F5E210-1897-435E-84FA-5BB649588E0D}.Release|Any CPU.ActiveCfg = Release|Any CPU
		{88F5E210-1897-435E-84FA-5BB649588E0D}.Release|Any CPU.Build.0 = Release|Any CPU
	EndGlobalSection
	GlobalSection(SolutionProperties) = preSolution
		HideSolutionNode = FALSE
	EndGlobalSection
EndGlobal
